<?xml version="1.0" encoding="UTF-8"?>
<Scheme
   version = "1.3">
   <BuildAction>
      <BuildActionEntries>
         <BuildActionEntry
            buildForRunning = "YES">
            <BuildableReference
               BuildableIdentifier = "primary"
               BlueprintIdentifier = "CC986DE92334FC78EB3262C5"
               BuildableName = "iOSKataFinicky3rdPartyClassDependencyInjectionAndMock.app"
               BlueprintName = "iOSKataFinicky3rdPartyClassDependencyInjectionAndMock"
               ReferencedContainer = "container:iOSKataFinicky3rdPartyClassDependencyInjectionAndMock.xcodeproj">
            </BuildableReference>
         </BuildActionEntry>
      </BuildActionEntries>
   </BuildAction>
   <LaunchAction
      useCustomWorkingDirectory = "NO"
      buildConfiguration = "Debug">
      <BuildableProductRunnable>
         <BuildableReference
            BuildableIdentifier = "primary"
            BlueprintIdentifier = "CC986DE92334FC78EB3262C5"
            BuildableName = "iOSKataFinicky3rdPartyClassDependencyInjectionAndMock.app"
            BlueprintName = "iOSKataFinicky3rdPartyClassDependencyInjectionAndMock"
            ReferencedContainer = "container:iOSKataFinicky3rdPartyClassDependencyInjectionAndMock.xcodeproj">
         </BuildableReference>
      </BuildableProductRunnable>
   </LaunchAction>
</Scheme>
